<?xml version="1.0" encoding="utf-8"?>
<Project ToolsVersion="4.0" xmlns="http://schemas.microsoft.com/developer/msbuild/2003">
  <ItemGroup>
    <Filter Include="Source Files">
      <UniqueIdentifier>{4FC737F1-C7A5-4376-A066-2A32D752A2FF}</UniqueIdentifier>
      <Extensions>cpp;c;cc;cxx;def;odl;idl;hpj;bat;asm;asmx</Extensions>
    </Filter>
    <Filter Include="Header Files">
      <UniqueIdentifier>{93995380-89BD-4b04-88EB-625FBE52EBFB}</UniqueIdentifier>
      <Extensions>h;hh;hpp;hxx;hm;inl;inc;xsd</Extensions>
    </Filter>
    <Filter Include="Resource Files">
      <UniqueIdentifier>{67DA6AB6-F800-4c08-8B7A-83BB121AAD01}</UniqueIdentifier>
      <Extensions>rc;ico;cur;bmp;dlg;rc2;rct;bin;rgs;gif;jpg;jpeg;jpe;resx;tiff;tif;png;wav;mfcribbon-ms</Extensions>
    </Filter>
    <Filter Include="Source Files\renderEngine">
      <UniqueIdentifier>{af574f29-2bf4-43c0-9a01-f222d9f3bcff}</UniqueIdentifier>
    </Filter>
    <Filter Include="Source Files\tests">
      <UniqueIdentifier>{461d30e9-814f-40ac-881f-1d664d937f64}</UniqueIdentifier>
    </Filter>
    <Filter Include="Source Files\shaders">
      <UniqueIdentifier>{79cd287e-8b0b-40cc-9804-0b1a5fcfb3ab}</UniqueIdentifier>
    </Filter>
  </ItemGroup>
  <ItemGroup>
    <ClCompile Include="src\main.cpp">
      <Filter>Source Files</Filter>
    </ClCompile>
    <ClCompile Include="src\renderEngine\DisplayManager.cpp">
      <Filter>Source Files\renderEngine</Filter>
    </ClCompile>
    <ClCompile Include="src\renderEngine\RawModel.cpp">
      <Filter>Source Files\renderEngine</Filter>
    </ClCompile>
    <ClCompile Include="src\renderEngine\Loader.cpp">
      <Filter>Source Files\renderEngine</Filter>
    </ClCompile>
    <ClCompile Include="src\renderEngine\Renderer.cpp">
      <Filter>Source Files\renderEngine</Filter>
    </ClCompile>
    <ClCompile Include="src\tests\tests.cpp">
      <Filter>Source Files\tests</Filter>
    </ClCompile>
    <ClCompile Include="src\shaders\Shaderer.cpp">
      <Filter>Source Files\shaders</Filter>
    </ClCompile>
    <ClCompile Include="src\shaders\ShaderProgram.cpp">
      <Filter>Source Files\shaders</Filter>
    </ClCompile>
    <ClCompile Include="src\shaders\StaticShader.cpp">
      <Filter>Source Files\shaders</Filter>
    </ClCompile>
  </ItemGroup>
  <ItemGroup>
    <ClInclude Include="src\renderEngine\DisplayManager.h">
      <Filter>Header Files</Filter>
    </ClInclude>
    <ClInclude Include="src\renderEngine\RawModel.h">
      <Filter>Header Files</Filter>
    </ClInclude>
    <ClInclude Include="src\renderEngine\Loader.h">
      <Filter>Header Files</Filter>
    </ClInclude>
    <ClInclude Include="src\renderEngine\Renderer.h">
      <Filter>Header Files</Filter>
    </ClInclude>
    <ClInclude Include="src\tests\tests.h">
      <Filter>Source Files\tests</Filter>
    </ClInclude>
    <ClInclude Include="src\shaders\Shaderer.h">
      <Filter>Source Files\shaders</Filter>
    </ClInclude>
    <ClInclude Include="src\shaders\ShaderProgram.h">
      <Filter>Source Files\shaders</Filter>
    </ClInclude>
    <ClInclude Include="src\shaders\StaticShader.h">
      <Filter>Source Files\shaders</Filter>
    </ClInclude>
    <ClInclude Include="src\shaders\ShaderFileList.h">
      <Filter>Source Files\shaders</Filter>
    </ClInclude>
  </ItemGroup>
  <ItemGroup>
    <Text Include="src\shaders\fragmentShader.txt">
      <Filter>Source Files\shaders</Filter>
    </Text>
    <Text Include="src\shaders\vertexShader.txt">
      <Filter>Source Files\shaders</Filter>
    </Text>
  </ItemGroup>
</Project>