<?xml version="1.0" encoding="utf-8"?>
<Project ToolsVersion="4.0" xmlns="http://schemas.microsoft.com/developer/msbuild/2003">
  <ItemGroup>
    <Filter Include="Source Files">
      <UniqueIdentifier>{4FC737F1-C7A5-4376-A066-2A32D752A2FF}</UniqueIdentifier>
      <Extensions>cpp;c;cc;cxx;def;odl;idl;hpj;bat;asm;asmx</Extensions>
    </Filter>
    <Filter Include="Header Files">
      <UniqueIdentifier>{93995380-89BD-4b04-88EB-625FBE52EBFB}</UniqueIdentifier>
      <Extensions>h;hh;hpp;hxx;hm;inl;inc;xsd</Extensions>
    </Filter>
    <Filter Include="Resource Files">
      <UniqueIdentifier>{67DA6AB6-F800-4c08-8B7A-83BB121AAD01}</UniqueIdentifier>
      <Extensions>rc;ico;cur;bmp;dlg;rc2;rct;bin;rgs;gif;jpg;jpeg;jpe;resx;tiff;tif;png;wav;mfcribbon-ms</Extensions>
    </Filter>
    <Filter Include="Source Files\tests">
      <UniqueIdentifier>{00986a51-eb81-4223-9cf0-d8642506e15c}</UniqueIdentifier>
    </Filter>
  </ItemGroup>
  <ItemGroup>
    <ClCompile Include="main.cpp">
      <Filter>Source Files</Filter>
    </ClCompile>
    <ClCompile Include="tests\AnimationApp.cpp">
      <Filter>Source Files\tests</Filter>
    </ClCompile>
    <ClCompile Include="tests\AssessmentApp.cpp">
      <Filter>Source Files\tests</Filter>
    </ClCompile>
    <ClCompile Include="tests\ExampleApp.cpp">
      <Filter>Source Files\tests</Filter>
    </ClCompile>
    <ClCompile Include="tests\GUIApp.cpp">
      <Filter>Source Files\tests</Filter>
    </ClCompile>
    <ClCompile Include="tests\LightsApp.cpp">
      <Filter>Source Files\tests</Filter>
    </ClCompile>
    <ClCompile Include="tests\ModelApp.cpp">
      <Filter>Source Files\tests</Filter>
    </ClCompile>
    <ClCompile Include="tests\ParticlesApp.cpp">
      <Filter>Source Files\tests</Filter>
    </ClCompile>
    <ClCompile Include="tests\PostProApp.cpp">
      <Filter>Source Files\tests</Filter>
    </ClCompile>
    <ClCompile Include="tests\ProceeduralApp.cpp">
      <Filter>Source Files\tests</Filter>
    </ClCompile>
    <ClCompile Include="tests\TerrainApp.cpp">
      <Filter>Source Files\tests</Filter>
    </ClCompile>
    <ClCompile Include="tests\tests.cpp">
      <Filter>Source Files\tests</Filter>
    </ClCompile>
  </ItemGroup>
  <ItemGroup>
    <ClInclude Include="tests\AnimationApp.h">
      <Filter>Source Files\tests</Filter>
    </ClInclude>
    <ClInclude Include="tests\AssessmentApp.h">
      <Filter>Source Files\tests</Filter>
    </ClInclude>
    <ClInclude Include="tests\ExampleApp.h">
      <Filter>Source Files\tests</Filter>
    </ClInclude>
    <ClInclude Include="tests\GUIApp.h">
      <Filter>Source Files\tests</Filter>
    </ClInclude>
    <ClInclude Include="tests\LIghtsApp.h">
      <Filter>Source Files\tests</Filter>
    </ClInclude>
    <ClInclude Include="tests\ModelApp.h">
      <Filter>Source Files\tests</Filter>
    </ClInclude>
    <ClInclude Include="tests\ParticlesApp.h">
      <Filter>Source Files\tests</Filter>
    </ClInclude>
    <ClInclude Include="tests\PostProApp.h">
      <Filter>Source Files\tests</Filter>
    </ClInclude>
    <ClInclude Include="tests\ProceeduralApp.h">
      <Filter>Source Files\tests</Filter>
    </ClInclude>
    <ClInclude Include="tests\TerrainApp.h">
      <Filter>Source Files\tests</Filter>
    </ClInclude>
    <ClInclude Include="tests\tests.h">
      <Filter>Source Files\tests</Filter>
    </ClInclude>
  </ItemGroup>
</Project>